
Microsoft Visual Studio Solution File, Format Version 11.00
# Visual Studio 2010
Project("{FAE04EC0-301F-11D3-BF4B-00C04F79EFBC}") = "CalculatorApp", "CalculatorApp\CalculatorApp.csproj", "{030F4B49-0E26-416A-AEDD-925902B6604D}"
EndProject
Project("{FAE04EC0-301F-11D3-BF4B-00C04F79EFBC}") = "RPNCalculator", "RPNCalculator\RPNCalculator.csproj", "{8F72801F-B6F4-4CC2-B564-DBD83A79D244}"
EndProject
Global
	GlobalSection(SolutionConfigurationPlatforms) = preSolution
		Debug|x86 = Debug|x86
		Release|x86 = Release|x86
	EndGlobalSection
	GlobalSection(ProjectConfigurationPlatforms) = postSolution
		{030F4B49-0E26-416A-AEDD-925902B6604D}.Debug|x86.ActiveCfg = Debug|x86
		{030F4B49-0E26-416A-AEDD-925902B6604D}.Debug|x86.Build.0 = Debug|x86
		{030F4B49-0E26-416A-AEDD-925902B6604D}.Release|x86.ActiveCfg = Release|x86
		{030F4B49-0E26-416A-AEDD-925902B6604D}.Release|x86.Build.0 = Release|x86
		{8F72801F-B6F4-4CC2-B564-DBD83A79D244}.Debug|x86.ActiveCfg = Debug|Any CPU
		{8F72801F-B6F4-4CC2-B564-DBD83A79D244}.Debug|x86.Build.0 = Debug|Any CPU
		{8F72801F-B6F4-4CC2-B564-DBD83A79D244}.Release|x86.ActiveCfg = Release|Any CPU
		{8F72801F-B6F4-4CC2-B564-DBD83A79D244}.Release|x86.Build.0 = Release|Any CPU
	EndGlobalSection
	GlobalSection(MonoDevelopProperties) = preSolution
		StartupItem = CalculatorApp\CalculatorApp.csproj
		Policies = $0
		$0.DotNetNamingPolicy = $1
		$1.DirectoryNamespaceAssociation = None
		$1.ResourceNamePolicy = FileFormatDefault
		$0.StandardHeader = $2
		$2.Text = @MIT License\n\nCopyright (c) 2017 Bruno Baère Pederassi Lomba de Araujo\n\nPermission is hereby granted, free of charge, to any person obtaining a copy\nof this software and associated documentation files (the "Software"), to deal\nin the Software without restriction, including without limitation the rights\nto use, copy, modify, merge, publish, distribute, sublicense, and/or sell\ncopies of the Software, and to permit persons to whom the Software is\nfurnished to do so, subject to the following conditions:\n\nThe above copyright notice and this permission notice shall be included in all\ncopies or substantial portions of the Software.\n\nTHE SOFTWARE IS PROVIDED "AS IS", WITHOUT WARRANTY OF ANY KIND, EXPRESS OR\nIMPLIED, INCLUDING BUT NOT LIMITED TO THE WARRANTIES OF MERCHANTABILITY,\nFITNESS FOR A PARTICULAR PURPOSE AND NONINFRINGEMENT. IN NO EVENT SHALL THE\nAUTHORS OR COPYRIGHT HOLDERS BE LIABLE FOR ANY CLAIM, DAMAGES OR OTHER\nLIABILITY, WHETHER IN AN ACTION OF CONTRACT, TORT OR OTHERWISE, ARISING FROM,\nOUT OF OR IN CONNECTION WITH THE SOFTWARE OR THE USE OR OTHER DEALINGS IN THE\nSOFTWARE.\n
		$2.IncludeInNewFiles = True
	EndGlobalSection
EndGlobal
